{
  "version": 4,
  "terraform_version": "1.0.2",
  "serial": 55,
  "lineage": "8612c12e-bc83-0d3e-688a-5c3e1fafadc7",
  "outputs": {},
  "resources": [
    {
      "module": "module.gke-cluster",
      "mode": "managed",
      "type": "google_container_cluster",
      "name": "primary",
      "provider": "provider[\"registry.terraform.io/hashicorp/google\"]",
      "instances": [
        {
          "schema_version": 1,
          "attributes": {
            "addons_config": [
              {
                "cloudrun_config": [],
                "config_connector_config": [],
                "dns_cache_config": [],
                "gce_persistent_disk_csi_driver_config": [
                  {
                    "enabled": true
                  }
                ],
                "gcp_filestore_csi_driver_config": [],
                "gke_backup_agent_config": [],
                "horizontal_pod_autoscaling": [],
                "http_load_balancing": [],
                "network_policy_config": [
                  {
                    "disabled": true
                  }
                ]
              }
            ],
            "authenticator_groups_config": [],
            "binary_authorization": [
              {
                "enabled": false,
                "evaluation_mode": ""
              }
            ],
            "cluster_autoscaling": [
              {
                "auto_provisioning_defaults": [],
                "enabled": false,
                "resource_limits": []
              }
            ],
            "cluster_ipv4_cidr": "10.64.0.0/14",
            "confidential_nodes": [],
            "cost_management_config": [],
            "database_encryption": [
              {
                "key_name": "",
                "state": "DECRYPTED"
              }
            ],
            "datapath_provider": "",
            "default_max_pods_per_node": null,
            "default_snat_status": [
              {
                "disabled": false
              }
            ],
            "description": "",
            "dns_config": [],
            "enable_autopilot": false,
            "enable_binary_authorization": false,
            "enable_intranode_visibility": false,
            "enable_kubernetes_alpha": false,
            "enable_l4_ilb_subsetting": false,
            "enable_legacy_abac": false,
            "enable_shielded_nodes": true,
            "enable_tpu": false,
            "endpoint": "35.190.153.175",
            "gateway_api_config": [],
            "id": "projects/rancher-376402/locations/us-east1/clusters/kc-cluster-1",
            "initial_node_count": 1,
            "ip_allocation_policy": [],
            "label_fingerprint": "a9dc16a7",
            "location": "us-east1",
            "logging_config": [
              {
                "enable_components": [
                  "SYSTEM_COMPONENTS",
                  "WORKLOADS"
                ]
              }
            ],
            "logging_service": "logging.googleapis.com/kubernetes",
            "maintenance_policy": [],
            "master_auth": [
              {
                "client_certificate": "",
                "client_certificate_config": [
                  {
                    "issue_client_certificate": false
                  }
                ],
                "client_key": "",
                "cluster_ca_certificate": "LS0tLS1CRUdJTiBDRVJUSUZJQ0FURS0tLS0tCk1JSUVMVENDQXBXZ0F3SUJBZ0lSQVBiUlg0TndGNDgyZ0d1M3pHbm56eWd3RFFZSktvWklodmNOQVFFTEJRQXcKTHpFdE1Dc0dBMVVFQXhNa1lqSXpaREkxTmpRdFlXTXlNUzAwTW1GaExUbG1ZVFV0WVRjeVpEQTNOVEJqTnpjeApNQ0FYRFRJek1ESXdNekF3TWpVeE5Gb1lEekl3TlRNd01USTJNREV5TlRFMFdqQXZNUzB3S3dZRFZRUURFeVJpCk1qTmtNalUyTkMxaFl6SXhMVFF5WVdFdE9XWmhOUzFoTnpKa01EYzFNR00zTnpFd2dnR2lNQTBHQ1NxR1NJYjMKRFFFQkFRVUFBNElCandBd2dnR0tBb0lCZ1FES0didHlOSk1RdEMwQUlWUUZzZWlSOEVML2FRZkxUNWdKUmpWQgpiNEM5THVqNW9xbXFQb2FEQVpWTDgvUWI4MlIvSmMyekV5UFR2L1Y0WHdGM3hidktad0JhTmdyMzdFbk81NXU4CnJRTGg1Tm9oQjZqcnZ6elVNMEVIS0tFMDlPSUxVV0Iwd2tqR05QSUFGSHZpS29tbndMVmVpandkcW5wK1huV0QKZkkyWFlRUGtEWm1zK0V2dDc1WjFlYjduMGwramxLbjZyeDRpSHM0dmtoMVRyNldlck41Qlhmc2V0T3piMlkrdwpCYmRiTWFINlRJYUp4VXo5V0V5MFNQRWZuWUE4RXBpZytMMkdzRitVZCt0V2dPcUxFVHFxRFVzaklmY0FDUSs3CnhJeFdsZENJdm1DSW1vSzlRbUVocmNsamZuRDl6bWVuRnBkZzNWeGp2YTVpTmRFS0ZDYUxIVmZrOVlXWmEydTUKUmFMQTN0Vk9LdWhwZFVXNzUza0MrZUp6dlhzai9BeDVRUjgyN1cwZWtTdlhjK04xRTlwdXpGNUdDZnE0cEZiRgpnU2xqbUI5QzRmQ3JmYXFrOEFlbHBvcjhiMzZKSGMyb0VKNEdqM04zUEV4U2lzN1d0aUJqY3pQQldLZzlteXpDCmhNUDFzS3B4ODRHazNHakdYditlMDgrbTY1MENBd0VBQWFOQ01FQXdEZ1lEVlIwUEFRSC9CQVFEQWdJRU1BOEcKQTFVZEV3RUIvd1FGTUFNQkFmOHdIUVlEVlIwT0JCWUVGS3VBMTZwa3NBVXNvZVhyQ2ltcWNXQi8rUlVBTUEwRwpDU3FHU0liM0RRRUJDd1VBQTRJQmdRQWsxbm1HZmtvZktUblZKaXQ2K2h4SFQvaktMdE94UWdnRTE2NUdaMzNOCnRlVlpXMTFYVVBGTWxadXhDWkdEWWFta1lONzNCeGFiRkRaS2tlZWZ3R1o5OXZBTFF1SGhBYzRsb3h5SHdjZ1oKY0hZZ0xHdUVrTmdlcXMreS9LbGtLNkxtV3JOUHJvNWlNYkNkMGFlZzhUN1FGa3NIOVE1UDdKWVVnTFFYREFncgo0OFNzVHlYUnJyTU5BT21xb25uaFZlUk1MRG55bDI1TVh4NVBEZW9wN1M5ZlRPeHZmZzZMZEhyM1YwbllmRjBXCmNML2poQnFwWXlidlF4eFpXbUFGZ0c1ZVljK2QvU054WFJoOXlFQWRZVmdJRkp1TWx0Z0NBbzcvYVdnNWVhaDkKWUNLdHJkM3EyR3pKdG9wV0lsWk5BaGxoVElBUzRxQ094VEQ2RFNTaWxpZUtSanVyVThiQW0xZ0ppZm52bGpoQwp4N3BtU1hqdjJzNGhCamduQ1diYmxwMzBuVlMxTlZzd0dVeEIzNUh5dnFoWUtPVGlLMmh1Q05DY0lyWngrV0lwCmFHVGVlNHEzczBoYlFTcHFnMm8vWUtuSVJGeDZFeXplTnRpcU1uTUpBN1hRODZ0Z2VpMit0YTQ0bTdHSVRvYnMKcWllNWVOL0dWZG9oS1R5TVlScGFxUkk9Ci0tLS0tRU5EIENFUlRJRklDQVRFLS0tLS0K"
              }
            ],
            "master_authorized_networks_config": [],
            "master_version": "1.24.8-gke.2000",
            "mesh_certificates": [],
            "min_master_version": null,
            "monitoring_config": [
              {
                "enable_components": [
                  "SYSTEM_COMPONENTS"
                ],
                "managed_prometheus": []
              }
            ],
            "monitoring_service": "monitoring.googleapis.com/kubernetes",
            "name": "kc-cluster-1",
            "network": "projects/rancher-376402/global/networks/default",
            "network_policy": [
              {
                "enabled": false,
                "provider": "PROVIDER_UNSPECIFIED"
              }
            ],
            "networking_mode": "ROUTES",
            "node_config": [],
            "node_locations": [
              "us-east1-b",
              "us-east1-c",
              "us-east1-d"
            ],
            "node_pool": [],
            "node_pool_defaults": [
              {
                "node_config_defaults": [
                  {
                    "logging_variant": "DEFAULT"
                  }
                ]
              }
            ],
            "node_version": "1.24.8-gke.2000",
            "notification_config": [
              {
                "pubsub": [
                  {
                    "enabled": false,
                    "filter": [],
                    "topic": ""
                  }
                ]
              }
            ],
            "operation": null,
            "private_cluster_config": [
              {
                "enable_private_endpoint": false,
                "enable_private_nodes": false,
                "master_global_access_config": [
                  {
                    "enabled": false
                  }
                ],
                "master_ipv4_cidr_block": "",
                "peering_name": "",
                "private_endpoint": "10.142.0.31",
                "private_endpoint_subnetwork": "",
                "public_endpoint": "35.190.153.175"
              }
            ],
            "private_ipv6_google_access": "",
            "project": "rancher-376402",
            "release_channel": [
              {
                "channel": "REGULAR"
              }
            ],
            "remove_default_node_pool": true,
            "resource_labels": {},
            "resource_usage_export_config": [],
            "self_link": "https://container.googleapis.com/v1/projects/rancher-376402/locations/us-east1/clusters/kc-cluster-1",
            "service_external_ips_config": [
              {
                "enabled": false
              }
            ],
            "services_ipv4_cidr": "10.67.240.0/20",
            "subnetwork": "projects/rancher-376402/regions/us-east1/subnetworks/default",
            "timeouts": null,
            "tpu_ipv4_cidr_block": "",
            "vertical_pod_autoscaling": [],
            "workload_identity_config": []
          },
          "sensitive_attributes": [],
          "private": "eyJlMmJmYjczMC1lY2FhLTExZTYtOGY4OC0zNDM2M2JjN2M0YzAiOnsiY3JlYXRlIjoyNDAwMDAwMDAwMDAwLCJkZWxldGUiOjI0MDAwMDAwMDAwMDAsInJlYWQiOjI0MDAwMDAwMDAwMDAsInVwZGF0ZSI6MzYwMDAwMDAwMDAwMH0sInNjaGVtYV92ZXJzaW9uIjoiMSJ9"
        }
      ]
    },
    {
      "module": "module.node-pool",
      "mode": "managed",
      "type": "google_container_node_pool",
      "name": "default",
      "provider": "provider[\"registry.terraform.io/hashicorp/google\"]",
      "instances": [
        {
          "status": "tainted",
          "schema_version": 1,
          "attributes": {
            "autoscaling": [],
            "cluster": "kc-cluster-1",
            "id": "projects/rancher-376402/locations/us-east1/clusters/kc-cluster-1/nodePools/kc-node-pool",
            "initial_node_count": null,
            "instance_group_urls": null,
            "location": "us-east1",
            "managed_instance_group_urls": null,
            "management": null,
            "max_pods_per_node": null,
            "name": "kc-node-pool",
            "name_prefix": null,
            "network_config": null,
            "node_config": [
              {
                "boot_disk_kms_key": "",
                "disk_size_gb": 0,
                "disk_type": "",
                "gcfs_config": [],
                "guest_accelerator": [],
                "gvnic": [],
                "image_type": "",
                "kubelet_config": [],
                "labels": {},
                "linux_node_config": [],
                "local_ssd_count": 0,
                "logging_variant": "DEFAULT",
                "machine_type": "e2-medium",
                "metadata": {},
                "min_cpu_platform": "",
                "node_group": "",
                "oauth_scopes": [
                  "https://www.googleapis.com/auth/cloud-platform"
                ],
                "preemptible": true,
                "reservation_affinity": [],
                "resource_labels": null,
                "service_account": "",
                "shielded_instance_config": [],
                "spot": false,
                "tags": null,
                "taint": [],
                "workload_metadata_config": []
              }
            ],
            "node_count": 2,
            "node_locations": [],
            "operation": null,
            "placement_policy": [],
            "project": null,
            "timeouts": null,
            "upgrade_settings": null,
            "version": null
          },
          "sensitive_attributes": [],
          "private": "eyJlMmJmYjczMC1lY2FhLTExZTYtOGY4OC0zNDM2M2JjN2M0YzAiOnsiY3JlYXRlIjoxODAwMDAwMDAwMDAwLCJkZWxldGUiOjE4MDAwMDAwMDAwMDAsInVwZGF0ZSI6MTgwMDAwMDAwMDAwMH0sInNjaGVtYV92ZXJzaW9uIjoiMSJ9"
        }
      ]
    }
  ]
}
